
Microsoft Visual Studio Solution File, Format Version 12.00
# Visual Studio Version 16
VisualStudioVersion = 16.0.31205.134
MinimumVisualStudioVersion = 10.0.40219.1
Project("{FAE04EC0-301F-11D3-BF4B-00C04F79EFBC}") = "Blackjack_Console", "Blackjack_Console\Blackjack_Console.csproj", "{81690AEC-FD0E-4AC7-91FE-1FE71577EA57}"
EndProject
Project("{FAE04EC0-301F-11D3-BF4B-00C04F79EFBC}") = "Blackjack_Tests", "..\Blackjack_Tests\Blackjack_Tests.csproj", "{3A45AEC2-4AD8-4F9B-977D-14E701A0AEB4}"
EndProject
Project("{FAE04EC0-301F-11D3-BF4B-00C04F79EFBC}") = "Blackjack_Repository", "..\Blackjack_Repository\Blackjack_Repository.csproj", "{9577F668-4E39-4332-940C-354E640C767E}"
EndProject
Global
	GlobalSection(SolutionConfigurationPlatforms) = preSolution
		Debug|Any CPU = Debug|Any CPU
		Release|Any CPU = Release|Any CPU
	EndGlobalSection
	GlobalSection(ProjectConfigurationPlatforms) = postSolution
		{81690AEC-FD0E-4AC7-91FE-1FE71577EA57}.Debug|Any CPU.ActiveCfg = Debug|Any CPU
		{81690AEC-FD0E-4AC7-91FE-1FE71577EA57}.Debug|Any CPU.Build.0 = Debug|Any CPU
		{81690AEC-FD0E-4AC7-91FE-1FE71577EA57}.Release|Any CPU.ActiveCfg = Release|Any CPU
		{81690AEC-FD0E-4AC7-91FE-1FE71577EA57}.Release|Any CPU.Build.0 = Release|Any CPU
		{3A45AEC2-4AD8-4F9B-977D-14E701A0AEB4}.Debug|Any CPU.ActiveCfg = Debug|Any CPU
		{3A45AEC2-4AD8-4F9B-977D-14E701A0AEB4}.Debug|Any CPU.Build.0 = Debug|Any CPU
		{3A45AEC2-4AD8-4F9B-977D-14E701A0AEB4}.Release|Any CPU.ActiveCfg = Release|Any CPU
		{3A45AEC2-4AD8-4F9B-977D-14E701A0AEB4}.Release|Any CPU.Build.0 = Release|Any CPU
		{9577F668-4E39-4332-940C-354E640C767E}.Debug|Any CPU.ActiveCfg = Debug|Any CPU
		{9577F668-4E39-4332-940C-354E640C767E}.Debug|Any CPU.Build.0 = Debug|Any CPU
		{9577F668-4E39-4332-940C-354E640C767E}.Release|Any CPU.ActiveCfg = Release|Any CPU
		{9577F668-4E39-4332-940C-354E640C767E}.Release|Any CPU.Build.0 = Release|Any CPU
	EndGlobalSection
	GlobalSection(SolutionProperties) = preSolution
		HideSolutionNode = FALSE
	EndGlobalSection
	GlobalSection(ExtensibilityGlobals) = postSolution
		SolutionGuid = {6924C7BB-E5B7-4025-BB01-6C71FA89652E}
	EndGlobalSection
EndGlobal
